
Microsoft Visual Studio Solution File, Format Version 12.00
# Visual Studio Version 17
VisualStudioVersion = 17.11.35208.52
MinimumVisualStudioVersion = 10.0.40219.1
Project("{FAE04EC0-301F-11D3-BF4B-00C04F79EFBC}") = "ConsoleApp5", "ConsoleApp5.csproj", "{6177665A-79FD-4496-81B4-6982A4338C0C}"
EndProject
Global
	GlobalSection(SolutionConfigurationPlatforms) = preSolution
		Debug|Any CPU = Debug|Any CPU
		Release|Any CPU = Release|Any CPU
	EndGlobalSection
	GlobalSection(ProjectConfigurationPlatforms) = postSolution
		{6177665A-79FD-4496-81B4-6982A4338C0C}.Debug|Any CPU.ActiveCfg = Debug|Any CPU
		{6177665A-79FD-4496-81B4-6982A4338C0C}.Debug|Any CPU.Build.0 = Debug|Any CPU
		{6177665A-79FD-4496-81B4-6982A4338C0C}.Release|Any CPU.ActiveCfg = Release|Any CPU
		{6177665A-79FD-4496-81B4-6982A4338C0C}.Release|Any CPU.Build.0 = Release|Any CPU
	EndGlobalSection
	GlobalSection(SolutionProperties) = preSolution
		HideSolutionNode = FALSE
	EndGlobalSection
	GlobalSection(ExtensibilityGlobals) = postSolution
		SolutionGuid = {FFF1A5AF-0120-4192-8595-4C8878AD983F}
	EndGlobalSection
EndGlobal
